
Microsoft Visual Studio Solution File, Format Version 12.00
# Visual Studio 14
VisualStudioVersion = 14.0.25420.1
MinimumVisualStudioVersion = 10.0.40219.1
Project("{FAE04EC0-301F-11D3-BF4B-00C04F79EFBC}") = "DressDiscover", "DressDiscover\DressDiscover\DressDiscover.csproj", "{3E6C01EC-63E8-4A6B-A9AA-455725028C6D}"
EndProject
Project("{FAE04EC0-301F-11D3-BF4B-00C04F79EFBC}") = "DressDiscover.Droid", "DressDiscover\DressDiscover.Droid\DressDiscover.Droid.csproj", "{925DA4AE-2D42-484D-A585-FBCBDF498889}"
EndProject
Project("{FAE04EC0-301F-11D3-BF4B-00C04F79EFBC}") = "DressDiscover.iOS", "DressDiscover\DressDiscover.iOS\DressDiscover.iOS.csproj", "{863ADFDB-CA62-44E8-95AE-5BA46849D3B7}"
EndProject
Project("{FAE04EC0-301F-11D3-BF4B-00C04F79EFBC}") = "DressDiscover.UWP", "DressDiscover\DressDiscover.UWP\DressDiscover.UWP.csproj", "{5999AAA6-5DD4-474B-B5C0-4CD1192FBECE}"
EndProject
Global
	GlobalSection(SolutionConfigurationPlatforms) = preSolution
		Ad-Hoc|Any CPU = Ad-Hoc|Any CPU
		Ad-Hoc|ARM = Ad-Hoc|ARM
		Ad-Hoc|iPhone = Ad-Hoc|iPhone
		Ad-Hoc|iPhoneSimulator = Ad-Hoc|iPhoneSimulator
		Ad-Hoc|x64 = Ad-Hoc|x64
		Ad-Hoc|x86 = Ad-Hoc|x86
		AppStore|Any CPU = AppStore|Any CPU
		AppStore|ARM = AppStore|ARM
		AppStore|iPhone = AppStore|iPhone
		AppStore|iPhoneSimulator = AppStore|iPhoneSimulator
		AppStore|x64 = AppStore|x64
		AppStore|x86 = AppStore|x86
		Debug|Any CPU = Debug|Any CPU
		Debug|ARM = Debug|ARM
		Debug|iPhone = Debug|iPhone
		Debug|iPhoneSimulator = Debug|iPhoneSimulator
		Debug|x64 = Debug|x64
		Debug|x86 = Debug|x86
		Release|Any CPU = Release|Any CPU
		Release|ARM = Release|ARM
		Release|iPhone = Release|iPhone
		Release|iPhoneSimulator = Release|iPhoneSimulator
		Release|x64 = Release|x64
		Release|x86 = Release|x86
	EndGlobalSection
	GlobalSection(ProjectConfigurationPlatforms) = postSolution
		{3E6C01EC-63E8-4A6B-A9AA-455725028C6D}.Ad-Hoc|Any CPU.ActiveCfg = Release|Any CPU
		{3E6C01EC-63E8-4A6B-A9AA-455725028C6D}.Ad-Hoc|Any CPU.Build.0 = Release|Any CPU
		{3E6C01EC-63E8-4A6B-A9AA-455725028C6D}.Ad-Hoc|ARM.ActiveCfg = Release|Any CPU
		{3E6C01EC-63E8-4A6B-A9AA-455725028C6D}.Ad-Hoc|ARM.Build.0 = Release|Any CPU
		{3E6C01EC-63E8-4A6B-A9AA-455725028C6D}.Ad-Hoc|iPhone.ActiveCfg = Release|Any CPU
		{3E6C01EC-63E8-4A6B-A9AA-455725028C6D}.Ad-Hoc|iPhone.Build.0 = Release|Any CPU
		{3E6C01EC-63E8-4A6B-A9AA-455725028C6D}.Ad-Hoc|iPhoneSimulator.ActiveCfg = Release|Any CPU
		{3E6C01EC-63E8-4A6B-A9AA-455725028C6D}.Ad-Hoc|iPhoneSimulator.Build.0 = Release|Any CPU
		{3E6C01EC-63E8-4A6B-A9AA-455725028C6D}.Ad-Hoc|x64.ActiveCfg = Release|Any CPU
		{3E6C01EC-63E8-4A6B-A9AA-455725028C6D}.Ad-Hoc|x64.Build.0 = Release|Any CPU
		{3E6C01EC-63E8-4A6B-A9AA-455725028C6D}.Ad-Hoc|x86.ActiveCfg = Release|Any CPU
		{3E6C01EC-63E8-4A6B-A9AA-455725028C6D}.Ad-Hoc|x86.Build.0 = Release|Any CPU
		{3E6C01EC-63E8-4A6B-A9AA-455725028C6D}.AppStore|Any CPU.ActiveCfg = Release|Any CPU
		{3E6C01EC-63E8-4A6B-A9AA-455725028C6D}.AppStore|Any CPU.Build.0 = Release|Any CPU
		{3E6C01EC-63E8-4A6B-A9AA-455725028C6D}.AppStore|ARM.ActiveCfg = Release|Any CPU
		{3E6C01EC-63E8-4A6B-A9AA-455725028C6D}.AppStore|ARM.Build.0 = Release|Any CPU
		{3E6C01EC-63E8-4A6B-A9AA-455725028C6D}.AppStore|iPhone.ActiveCfg = Release|Any CPU
		{3E6C01EC-63E8-4A6B-A9AA-455725028C6D}.AppStore|iPhone.Build.0 = Release|Any CPU
		{3E6C01EC-63E8-4A6B-A9AA-455725028C6D}.AppStore|iPhoneSimulator.ActiveCfg = Release|Any CPU
		{3E6C01EC-63E8-4A6B-A9AA-455725028C6D}.AppStore|iPhoneSimulator.Build.0 = Release|Any CPU
		{3E6C01EC-63E8-4A6B-A9AA-455725028C6D}.AppStore|x64.ActiveCfg = Release|Any CPU
		{3E6C01EC-63E8-4A6B-A9AA-455725028C6D}.AppStore|x64.Build.0 = Release|Any CPU
		{3E6C01EC-63E8-4A6B-A9AA-455725028C6D}.AppStore|x86.ActiveCfg = Release|Any CPU
		{3E6C01EC-63E8-4A6B-A9AA-455725028C6D}.AppStore|x86.Build.0 = Release|Any CPU
		{3E6C01EC-63E8-4A6B-A9AA-455725028C6D}.Debug|Any CPU.ActiveCfg = Debug|Any CPU
		{3E6C01EC-63E8-4A6B-A9AA-455725028C6D}.Debug|Any CPU.Build.0 = Debug|Any CPU
		{3E6C01EC-63E8-4A6B-A9AA-455725028C6D}.Debug|ARM.ActiveCfg = Debug|Any CPU
		{3E6C01EC-63E8-4A6B-A9AA-455725028C6D}.Debug|ARM.Build.0 = Debug|Any CPU
		{3E6C01EC-63E8-4A6B-A9AA-455725028C6D}.Debug|iPhone.ActiveCfg = Debug|Any CPU
		{3E6C01EC-63E8-4A6B-A9AA-455725028C6D}.Debug|iPhone.Build.0 = Debug|Any CPU
		{3E6C01EC-63E8-4A6B-A9AA-455725028C6D}.Debug|iPhoneSimulator.ActiveCfg = Debug|Any CPU
		{3E6C01EC-63E8-4A6B-A9AA-455725028C6D}.Debug|iPhoneSimulator.Build.0 = Debug|Any CPU
		{3E6C01EC-63E8-4A6B-A9AA-455725028C6D}.Debug|x64.ActiveCfg = Debug|Any CPU
		{3E6C01EC-63E8-4A6B-A9AA-455725028C6D}.Debug|x64.Build.0 = Debug|Any CPU
		{3E6C01EC-63E8-4A6B-A9AA-455725028C6D}.Debug|x86.ActiveCfg = Debug|Any CPU
		{3E6C01EC-63E8-4A6B-A9AA-455725028C6D}.Debug|x86.Build.0 = Debug|Any CPU
		{3E6C01EC-63E8-4A6B-A9AA-455725028C6D}.Release|Any CPU.ActiveCfg = Release|Any CPU
		{3E6C01EC-63E8-4A6B-A9AA-455725028C6D}.Release|Any CPU.Build.0 = Release|Any CPU
		{3E6C01EC-63E8-4A6B-A9AA-455725028C6D}.Release|ARM.ActiveCfg = Release|Any CPU
		{3E6C01EC-63E8-4A6B-A9AA-455725028C6D}.Release|ARM.Build.0 = Release|Any CPU
		{3E6C01EC-63E8-4A6B-A9AA-455725028C6D}.Release|iPhone.ActiveCfg = Release|Any CPU
		{3E6C01EC-63E8-4A6B-A9AA-455725028C6D}.Release|iPhone.Build.0 = Release|Any CPU
		{3E6C01EC-63E8-4A6B-A9AA-455725028C6D}.Release|iPhoneSimulator.ActiveCfg = Release|Any CPU
		{3E6C01EC-63E8-4A6B-A9AA-455725028C6D}.Release|iPhoneSimulator.Build.0 = Release|Any CPU
		{3E6C01EC-63E8-4A6B-A9AA-455725028C6D}.Release|x64.ActiveCfg = Release|Any CPU
		{3E6C01EC-63E8-4A6B-A9AA-455725028C6D}.Release|x64.Build.0 = Release|Any CPU
		{3E6C01EC-63E8-4A6B-A9AA-455725028C6D}.Release|x86.ActiveCfg = Release|Any CPU
		{3E6C01EC-63E8-4A6B-A9AA-455725028C6D}.Release|x86.Build.0 = Release|Any CPU
		{925DA4AE-2D42-484D-A585-FBCBDF498889}.Ad-Hoc|Any CPU.ActiveCfg = Release|Any CPU
		{925DA4AE-2D42-484D-A585-FBCBDF498889}.Ad-Hoc|Any CPU.Build.0 = Release|Any CPU
		{925DA4AE-2D42-484D-A585-FBCBDF498889}.Ad-Hoc|Any CPU.Deploy.0 = Release|Any CPU
		{925DA4AE-2D42-484D-A585-FBCBDF498889}.Ad-Hoc|ARM.ActiveCfg = Release|Any CPU
		{925DA4AE-2D42-484D-A585-FBCBDF498889}.Ad-Hoc|ARM.Build.0 = Release|Any CPU
		{925DA4AE-2D42-484D-A585-FBCBDF498889}.Ad-Hoc|ARM.Deploy.0 = Release|Any CPU
		{925DA4AE-2D42-484D-A585-FBCBDF498889}.Ad-Hoc|iPhone.ActiveCfg = Release|Any CPU
		{925DA4AE-2D42-484D-A585-FBCBDF498889}.Ad-Hoc|iPhone.Build.0 = Release|Any CPU
		{925DA4AE-2D42-484D-A585-FBCBDF498889}.Ad-Hoc|iPhone.Deploy.0 = Release|Any CPU
		{925DA4AE-2D42-484D-A585-FBCBDF498889}.Ad-Hoc|iPhoneSimulator.ActiveCfg = Release|Any CPU
		{925DA4AE-2D42-484D-A585-FBCBDF498889}.Ad-Hoc|iPhoneSimulator.Build.0 = Release|Any CPU
		{925DA4AE-2D42-484D-A585-FBCBDF498889}.Ad-Hoc|iPhoneSimulator.Deploy.0 = Release|Any CPU
		{925DA4AE-2D42-484D-A585-FBCBDF498889}.Ad-Hoc|x64.ActiveCfg = Release|Any CPU
		{925DA4AE-2D42-484D-A585-FBCBDF498889}.Ad-Hoc|x64.Build.0 = Release|Any CPU
		{925DA4AE-2D42-484D-A585-FBCBDF498889}.Ad-Hoc|x64.Deploy.0 = Release|Any CPU
		{925DA4AE-2D42-484D-A585-FBCBDF498889}.Ad-Hoc|x86.ActiveCfg = Release|Any CPU
		{925DA4AE-2D42-484D-A585-FBCBDF498889}.Ad-Hoc|x86.Build.0 = Release|Any CPU
		{925DA4AE-2D42-484D-A585-FBCBDF498889}.Ad-Hoc|x86.Deploy.0 = Release|Any CPU
		{925DA4AE-2D42-484D-A585-FBCBDF498889}.AppStore|Any CPU.ActiveCfg = Release|Any CPU
		{925DA4AE-2D42-484D-A585-FBCBDF498889}.AppStore|Any CPU.Build.0 = Release|Any CPU
		{925DA4AE-2D42-484D-A585-FBCBDF498889}.AppStore|Any CPU.Deploy.0 = Release|Any CPU
		{925DA4AE-2D42-484D-A585-FBCBDF498889}.AppStore|ARM.ActiveCfg = Release|Any CPU
		{925DA4AE-2D42-484D-A585-FBCBDF498889}.AppStore|ARM.Build.0 = Release|Any CPU
		{925DA4AE-2D42-484D-A585-FBCBDF498889}.AppStore|ARM.Deploy.0 = Release|Any CPU
		{925DA4AE-2D42-484D-A585-FBCBDF498889}.AppStore|iPhone.ActiveCfg = Release|Any CPU
		{925DA4AE-2D42-484D-A585-FBCBDF498889}.AppStore|iPhone.Build.0 = Release|Any CPU
		{925DA4AE-2D42-484D-A585-FBCBDF498889}.AppStore|iPhone.Deploy.0 = Release|Any CPU
		{925DA4AE-2D42-484D-A585-FBCBDF498889}.AppStore|iPhoneSimulator.ActiveCfg = Release|Any CPU
		{925DA4AE-2D42-484D-A585-FBCBDF498889}.AppStore|iPhoneSimulator.Build.0 = Release|Any CPU
		{925DA4AE-2D42-484D-A585-FBCBDF498889}.AppStore|iPhoneSimulator.Deploy.0 = Release|Any CPU
		{925DA4AE-2D42-484D-A585-FBCBDF498889}.AppStore|x64.ActiveCfg = Release|Any CPU
		{925DA4AE-2D42-484D-A585-FBCBDF498889}.AppStore|x64.Build.0 = Release|Any CPU
		{925DA4AE-2D42-484D-A585-FBCBDF498889}.AppStore|x64.Deploy.0 = Release|Any CPU
		{925DA4AE-2D42-484D-A585-FBCBDF498889}.AppStore|x86.ActiveCfg = Release|Any CPU
		{925DA4AE-2D42-484D-A585-FBCBDF498889}.AppStore|x86.Build.0 = Release|Any CPU
		{925DA4AE-2D42-484D-A585-FBCBDF498889}.AppStore|x86.Deploy.0 = Release|Any CPU
		{925DA4AE-2D42-484D-A585-FBCBDF498889}.Debug|Any CPU.ActiveCfg = Debug|Any CPU
		{925DA4AE-2D42-484D-A585-FBCBDF498889}.Debug|Any CPU.Build.0 = Debug|Any CPU
		{925DA4AE-2D42-484D-A585-FBCBDF498889}.Debug|Any CPU.Deploy.0 = Debug|Any CPU
		{925DA4AE-2D42-484D-A585-FBCBDF498889}.Debug|ARM.ActiveCfg = Debug|Any CPU
		{925DA4AE-2D42-484D-A585-FBCBDF498889}.Debug|ARM.Build.0 = Debug|Any CPU
		{925DA4AE-2D42-484D-A585-FBCBDF498889}.Debug|ARM.Deploy.0 = Debug|Any CPU
		{925DA4AE-2D42-484D-A585-FBCBDF498889}.Debug|iPhone.ActiveCfg = Debug|Any CPU
		{925DA4AE-2D42-484D-A585-FBCBDF498889}.Debug|iPhone.Build.0 = Debug|Any CPU
		{925DA4AE-2D42-484D-A585-FBCBDF498889}.Debug|iPhone.Deploy.0 = Debug|Any CPU
		{925DA4AE-2D42-484D-A585-FBCBDF498889}.Debug|iPhoneSimulator.ActiveCfg = Debug|Any CPU
		{925DA4AE-2D42-484D-A585-FBCBDF498889}.Debug|iPhoneSimulator.Build.0 = Debug|Any CPU
		{925DA4AE-2D42-484D-A585-FBCBDF498889}.Debug|iPhoneSimulator.Deploy.0 = Debug|Any CPU
		{925DA4AE-2D42-484D-A585-FBCBDF498889}.Debug|x64.ActiveCfg = Debug|Any CPU
		{925DA4AE-2D42-484D-A585-FBCBDF498889}.Debug|x64.Build.0 = Debug|Any CPU
		{925DA4AE-2D42-484D-A585-FBCBDF498889}.Debug|x64.Deploy.0 = Debug|Any CPU
		{925DA4AE-2D42-484D-A585-FBCBDF498889}.Debug|x86.ActiveCfg = Debug|Any CPU
		{925DA4AE-2D42-484D-A585-FBCBDF498889}.Debug|x86.Build.0 = Debug|Any CPU
		{925DA4AE-2D42-484D-A585-FBCBDF498889}.Debug|x86.Deploy.0 = Debug|Any CPU
		{925DA4AE-2D42-484D-A585-FBCBDF498889}.Release|Any CPU.ActiveCfg = Release|Any CPU
		{925DA4AE-2D42-484D-A585-FBCBDF498889}.Release|Any CPU.Build.0 = Release|Any CPU
		{925DA4AE-2D42-484D-A585-FBCBDF498889}.Release|Any CPU.Deploy.0 = Release|Any CPU
		{925DA4AE-2D42-484D-A585-FBCBDF498889}.Release|ARM.ActiveCfg = Release|Any CPU
		{925DA4AE-2D42-484D-A585-FBCBDF498889}.Release|ARM.Build.0 = Release|Any CPU
		{925DA4AE-2D42-484D-A585-FBCBDF498889}.Release|ARM.Deploy.0 = Release|Any CPU
		{925DA4AE-2D42-484D-A585-FBCBDF498889}.Release|iPhone.ActiveCfg = Release|Any CPU
		{925DA4AE-2D42-484D-A585-FBCBDF498889}.Release|iPhone.Build.0 = Release|Any CPU
		{925DA4AE-2D42-484D-A585-FBCBDF498889}.Release|iPhone.Deploy.0 = Release|Any CPU
		{925DA4AE-2D42-484D-A585-FBCBDF498889}.Release|iPhoneSimulator.ActiveCfg = Release|Any CPU
		{925DA4AE-2D42-484D-A585-FBCBDF498889}.Release|iPhoneSimulator.Build.0 = Release|Any CPU
		{925DA4AE-2D42-484D-A585-FBCBDF498889}.Release|iPhoneSimulator.Deploy.0 = Release|Any CPU
		{925DA4AE-2D42-484D-A585-FBCBDF498889}.Release|x64.ActiveCfg = Release|Any CPU
		{925DA4AE-2D42-484D-A585-FBCBDF498889}.Release|x64.Build.0 = Release|Any CPU
		{925DA4AE-2D42-484D-A585-FBCBDF498889}.Release|x64.Deploy.0 = Release|Any CPU
		{925DA4AE-2D42-484D-A585-FBCBDF498889}.Release|x86.ActiveCfg = Release|Any CPU
		{925DA4AE-2D42-484D-A585-FBCBDF498889}.Release|x86.Build.0 = Release|Any CPU
		{925DA4AE-2D42-484D-A585-FBCBDF498889}.Release|x86.Deploy.0 = Release|Any CPU
		{863ADFDB-CA62-44E8-95AE-5BA46849D3B7}.Ad-Hoc|Any CPU.ActiveCfg = Ad-Hoc|iPhone
		{863ADFDB-CA62-44E8-95AE-5BA46849D3B7}.Ad-Hoc|ARM.ActiveCfg = Ad-Hoc|iPhone
		{863ADFDB-CA62-44E8-95AE-5BA46849D3B7}.Ad-Hoc|iPhone.ActiveCfg = Ad-Hoc|iPhone
		{863ADFDB-CA62-44E8-95AE-5BA46849D3B7}.Ad-Hoc|iPhone.Build.0 = Ad-Hoc|iPhone
		{863ADFDB-CA62-44E8-95AE-5BA46849D3B7}.Ad-Hoc|iPhoneSimulator.ActiveCfg = Ad-Hoc|iPhoneSimulator
		{863ADFDB-CA62-44E8-95AE-5BA46849D3B7}.Ad-Hoc|iPhoneSimulator.Build.0 = Ad-Hoc|iPhoneSimulator
		{863ADFDB-CA62-44E8-95AE-5BA46849D3B7}.Ad-Hoc|x64.ActiveCfg = Ad-Hoc|iPhone
		{863ADFDB-CA62-44E8-95AE-5BA46849D3B7}.Ad-Hoc|x86.ActiveCfg = Ad-Hoc|iPhone
		{863ADFDB-CA62-44E8-95AE-5BA46849D3B7}.AppStore|Any CPU.ActiveCfg = AppStore|iPhone
		{863ADFDB-CA62-44E8-95AE-5BA46849D3B7}.AppStore|ARM.ActiveCfg = AppStore|iPhone
		{863ADFDB-CA62-44E8-95AE-5BA46849D3B7}.AppStore|iPhone.ActiveCfg = AppStore|iPhone
		{863ADFDB-CA62-44E8-95AE-5BA46849D3B7}.AppStore|iPhone.Build.0 = AppStore|iPhone
		{863ADFDB-CA62-44E8-95AE-5BA46849D3B7}.AppStore|iPhoneSimulator.ActiveCfg = AppStore|iPhoneSimulator
		{863ADFDB-CA62-44E8-95AE-5BA46849D3B7}.AppStore|iPhoneSimulator.Build.0 = AppStore|iPhoneSimulator
		{863ADFDB-CA62-44E8-95AE-5BA46849D3B7}.AppStore|x64.ActiveCfg = AppStore|iPhone
		{863ADFDB-CA62-44E8-95AE-5BA46849D3B7}.AppStore|x86.ActiveCfg = AppStore|iPhone
		{863ADFDB-CA62-44E8-95AE-5BA46849D3B7}.Debug|Any CPU.ActiveCfg = Debug|iPhone
		{863ADFDB-CA62-44E8-95AE-5BA46849D3B7}.Debug|ARM.ActiveCfg = Debug|iPhone
		{863ADFDB-CA62-44E8-95AE-5BA46849D3B7}.Debug|iPhone.ActiveCfg = Debug|iPhone
		{863ADFDB-CA62-44E8-95AE-5BA46849D3B7}.Debug|iPhone.Build.0 = Debug|iPhone
		{863ADFDB-CA62-44E8-95AE-5BA46849D3B7}.Debug|iPhoneSimulator.ActiveCfg = Debug|iPhoneSimulator
		{863ADFDB-CA62-44E8-95AE-5BA46849D3B7}.Debug|iPhoneSimulator.Build.0 = Debug|iPhoneSimulator
		{863ADFDB-CA62-44E8-95AE-5BA46849D3B7}.Debug|x64.ActiveCfg = Debug|iPhone
		{863ADFDB-CA62-44E8-95AE-5BA46849D3B7}.Debug|x86.ActiveCfg = Debug|iPhone
		{863ADFDB-CA62-44E8-95AE-5BA46849D3B7}.Release|Any CPU.ActiveCfg = Release|iPhone
		{863ADFDB-CA62-44E8-95AE-5BA46849D3B7}.Release|ARM.ActiveCfg = Release|iPhone
		{863ADFDB-CA62-44E8-95AE-5BA46849D3B7}.Release|iPhone.ActiveCfg = Release|iPhone
		{863ADFDB-CA62-44E8-95AE-5BA46849D3B7}.Release|iPhone.Build.0 = Release|iPhone
		{863ADFDB-CA62-44E8-95AE-5BA46849D3B7}.Release|iPhoneSimulator.ActiveCfg = Release|iPhoneSimulator
		{863ADFDB-CA62-44E8-95AE-5BA46849D3B7}.Release|iPhoneSimulator.Build.0 = Release|iPhoneSimulator
		{863ADFDB-CA62-44E8-95AE-5BA46849D3B7}.Release|x64.ActiveCfg = Release|iPhone
		{863ADFDB-CA62-44E8-95AE-5BA46849D3B7}.Release|x86.ActiveCfg = Release|iPhone
		{5999AAA6-5DD4-474B-B5C0-4CD1192FBECE}.Ad-Hoc|Any CPU.ActiveCfg = Release|x86
		{5999AAA6-5DD4-474B-B5C0-4CD1192FBECE}.Ad-Hoc|Any CPU.Build.0 = Release|x86
		{5999AAA6-5DD4-474B-B5C0-4CD1192FBECE}.Ad-Hoc|Any CPU.Deploy.0 = Release|x86
		{5999AAA6-5DD4-474B-B5C0-4CD1192FBECE}.Ad-Hoc|ARM.ActiveCfg = Release|ARM
		{5999AAA6-5DD4-474B-B5C0-4CD1192FBECE}.Ad-Hoc|ARM.Build.0 = Release|ARM
		{5999AAA6-5DD4-474B-B5C0-4CD1192FBECE}.Ad-Hoc|ARM.Deploy.0 = Release|ARM
		{5999AAA6-5DD4-474B-B5C0-4CD1192FBECE}.Ad-Hoc|iPhone.ActiveCfg = Release|x86
		{5999AAA6-5DD4-474B-B5C0-4CD1192FBECE}.Ad-Hoc|iPhone.Build.0 = Release|x86
		{5999AAA6-5DD4-474B-B5C0-4CD1192FBECE}.Ad-Hoc|iPhone.Deploy.0 = Release|x86
		{5999AAA6-5DD4-474B-B5C0-4CD1192FBECE}.Ad-Hoc|iPhoneSimulator.ActiveCfg = Release|x86
		{5999AAA6-5DD4-474B-B5C0-4CD1192FBECE}.Ad-Hoc|iPhoneSimulator.Build.0 = Release|x86
		{5999AAA6-5DD4-474B-B5C0-4CD1192FBECE}.Ad-Hoc|iPhoneSimulator.Deploy.0 = Release|x86
		{5999AAA6-5DD4-474B-B5C0-4CD1192FBECE}.Ad-Hoc|x64.ActiveCfg = Release|x64
		{5999AAA6-5DD4-474B-B5C0-4CD1192FBECE}.Ad-Hoc|x64.Build.0 = Release|x64
		{5999AAA6-5DD4-474B-B5C0-4CD1192FBECE}.Ad-Hoc|x64.Deploy.0 = Release|x64
		{5999AAA6-5DD4-474B-B5C0-4CD1192FBECE}.Ad-Hoc|x86.ActiveCfg = Release|x86
		{5999AAA6-5DD4-474B-B5C0-4CD1192FBECE}.Ad-Hoc|x86.Build.0 = Release|x86
		{5999AAA6-5DD4-474B-B5C0-4CD1192FBECE}.Ad-Hoc|x86.Deploy.0 = Release|x86
		{5999AAA6-5DD4-474B-B5C0-4CD1192FBECE}.AppStore|Any CPU.ActiveCfg = Release|x86
		{5999AAA6-5DD4-474B-B5C0-4CD1192FBECE}.AppStore|Any CPU.Build.0 = Release|x86
		{5999AAA6-5DD4-474B-B5C0-4CD1192FBECE}.AppStore|Any CPU.Deploy.0 = Release|x86
		{5999AAA6-5DD4-474B-B5C0-4CD1192FBECE}.AppStore|ARM.ActiveCfg = Release|ARM
		{5999AAA6-5DD4-474B-B5C0-4CD1192FBECE}.AppStore|ARM.Build.0 = Release|ARM
		{5999AAA6-5DD4-474B-B5C0-4CD1192FBECE}.AppStore|ARM.Deploy.0 = Release|ARM
		{5999AAA6-5DD4-474B-B5C0-4CD1192FBECE}.AppStore|iPhone.ActiveCfg = Release|x86
		{5999AAA6-5DD4-474B-B5C0-4CD1192FBECE}.AppStore|iPhone.Build.0 = Release|x86
		{5999AAA6-5DD4-474B-B5C0-4CD1192FBECE}.AppStore|iPhone.Deploy.0 = Release|x86
		{5999AAA6-5DD4-474B-B5C0-4CD1192FBECE}.AppStore|iPhoneSimulator.ActiveCfg = Release|x86
		{5999AAA6-5DD4-474B-B5C0-4CD1192FBECE}.AppStore|iPhoneSimulator.Build.0 = Release|x86
		{5999AAA6-5DD4-474B-B5C0-4CD1192FBECE}.AppStore|iPhoneSimulator.Deploy.0 = Release|x86
		{5999AAA6-5DD4-474B-B5C0-4CD1192FBECE}.AppStore|x64.ActiveCfg = Release|x64
		{5999AAA6-5DD4-474B-B5C0-4CD1192FBECE}.AppStore|x64.Build.0 = Release|x64
		{5999AAA6-5DD4-474B-B5C0-4CD1192FBECE}.AppStore|x64.Deploy.0 = Release|x64
		{5999AAA6-5DD4-474B-B5C0-4CD1192FBECE}.AppStore|x86.ActiveCfg = Release|x86
		{5999AAA6-5DD4-474B-B5C0-4CD1192FBECE}.AppStore|x86.Build.0 = Release|x86
		{5999AAA6-5DD4-474B-B5C0-4CD1192FBECE}.AppStore|x86.Deploy.0 = Release|x86
		{5999AAA6-5DD4-474B-B5C0-4CD1192FBECE}.Debug|Any CPU.ActiveCfg = Debug|x86
		{5999AAA6-5DD4-474B-B5C0-4CD1192FBECE}.Debug|ARM.ActiveCfg = Debug|ARM
		{5999AAA6-5DD4-474B-B5C0-4CD1192FBECE}.Debug|ARM.Build.0 = Debug|ARM
		{5999AAA6-5DD4-474B-B5C0-4CD1192FBECE}.Debug|ARM.Deploy.0 = Debug|ARM
		{5999AAA6-5DD4-474B-B5C0-4CD1192FBECE}.Debug|iPhone.ActiveCfg = Debug|x86
		{5999AAA6-5DD4-474B-B5C0-4CD1192FBECE}.Debug|iPhoneSimulator.ActiveCfg = Debug|x86
		{5999AAA6-5DD4-474B-B5C0-4CD1192FBECE}.Debug|x64.ActiveCfg = Debug|x64
		{5999AAA6-5DD4-474B-B5C0-4CD1192FBECE}.Debug|x64.Build.0 = Debug|x64
		{5999AAA6-5DD4-474B-B5C0-4CD1192FBECE}.Debug|x64.Deploy.0 = Debug|x64
		{5999AAA6-5DD4-474B-B5C0-4CD1192FBECE}.Debug|x86.ActiveCfg = Debug|x86
		{5999AAA6-5DD4-474B-B5C0-4CD1192FBECE}.Debug|x86.Build.0 = Debug|x86
		{5999AAA6-5DD4-474B-B5C0-4CD1192FBECE}.Debug|x86.Deploy.0 = Debug|x86
		{5999AAA6-5DD4-474B-B5C0-4CD1192FBECE}.Release|Any CPU.ActiveCfg = Release|x86
		{5999AAA6-5DD4-474B-B5C0-4CD1192FBECE}.Release|ARM.ActiveCfg = Release|ARM
		{5999AAA6-5DD4-474B-B5C0-4CD1192FBECE}.Release|ARM.Build.0 = Release|ARM
		{5999AAA6-5DD4-474B-B5C0-4CD1192FBECE}.Release|ARM.Deploy.0 = Release|ARM
		{5999AAA6-5DD4-474B-B5C0-4CD1192FBECE}.Release|iPhone.ActiveCfg = Release|x86
		{5999AAA6-5DD4-474B-B5C0-4CD1192FBECE}.Release|iPhoneSimulator.ActiveCfg = Release|x86
		{5999AAA6-5DD4-474B-B5C0-4CD1192FBECE}.Release|x64.ActiveCfg = Release|x64
		{5999AAA6-5DD4-474B-B5C0-4CD1192FBECE}.Release|x64.Build.0 = Release|x64
		{5999AAA6-5DD4-474B-B5C0-4CD1192FBECE}.Release|x64.Deploy.0 = Release|x64
		{5999AAA6-5DD4-474B-B5C0-4CD1192FBECE}.Release|x86.ActiveCfg = Release|x86
		{5999AAA6-5DD4-474B-B5C0-4CD1192FBECE}.Release|x86.Build.0 = Release|x86
		{5999AAA6-5DD4-474B-B5C0-4CD1192FBECE}.Release|x86.Deploy.0 = Release|x86
	EndGlobalSection
	GlobalSection(SolutionProperties) = preSolution
		HideSolutionNode = FALSE
	EndGlobalSection
EndGlobal
