
Microsoft Visual Studio Solution File, Format Version 12.00
# Visual Studio 14
VisualStudioVersion = 14.0.25420.1
MinimumVisualStudioVersion = 10.0.40219.1
Project("{FAE04EC0-301F-11D3-BF4B-00C04F79EFBC}") = "DressDiscover.Portable", "DressDiscover\DressDiscover\DressDiscover.Portable.csproj", "{CAB66ED2-F7BC-4944-BF63-8B621751191E}"
EndProject
Project("{FAE04EC0-301F-11D3-BF4B-00C04F79EFBC}") = "DressDiscover.Droid", "DressDiscover\DressDiscover.Droid\DressDiscover.Droid.csproj", "{FA3233CB-3661-484D-B370-5461C7090F07}"
EndProject
Project("{FAE04EC0-301F-11D3-BF4B-00C04F79EFBC}") = "DressDiscover.iOS", "DressDiscover\DressDiscover.iOS\DressDiscover.iOS.csproj", "{84DEA4A5-FC4A-4451-8B77-DAAC6D93D1A7}"
EndProject
Project("{FAE04EC0-301F-11D3-BF4B-00C04F79EFBC}") = "DressDiscover.WinPhone", "DressDiscover\DressDiscover.WinPhone\DressDiscover.WinPhone.csproj", "{ACCDC6FA-D815-43AE-88D1-934FAEFAA451}"
EndProject
Project("{FAE04EC0-301F-11D3-BF4B-00C04F79EFBC}") = "DressDiscover.UWP", "DressDiscover\DressDiscover.UWP\DressDiscover.UWP.csproj", "{2AE5FFEF-50AB-4A24-85FE-0FAA885C4958}"
EndProject
Project("{FAE04EC0-301F-11D3-BF4B-00C04F79EFBC}") = "DressDiscover.Windows", "DressDiscover\DressDiscover.Windows\DressDiscover.Windows.csproj", "{B67B3414-0F26-49C1-876D-5E7A269A6991}"
EndProject
Global
	GlobalSection(SolutionConfigurationPlatforms) = preSolution
		Ad-Hoc|Any CPU = Ad-Hoc|Any CPU
		Ad-Hoc|ARM = Ad-Hoc|ARM
		Ad-Hoc|iPhone = Ad-Hoc|iPhone
		Ad-Hoc|iPhoneSimulator = Ad-Hoc|iPhoneSimulator
		Ad-Hoc|x64 = Ad-Hoc|x64
		Ad-Hoc|x86 = Ad-Hoc|x86
		AppStore|Any CPU = AppStore|Any CPU
		AppStore|ARM = AppStore|ARM
		AppStore|iPhone = AppStore|iPhone
		AppStore|iPhoneSimulator = AppStore|iPhoneSimulator
		AppStore|x64 = AppStore|x64
		AppStore|x86 = AppStore|x86
		Debug|Any CPU = Debug|Any CPU
		Debug|ARM = Debug|ARM
		Debug|iPhone = Debug|iPhone
		Debug|iPhoneSimulator = Debug|iPhoneSimulator
		Debug|x64 = Debug|x64
		Debug|x86 = Debug|x86
		Release|Any CPU = Release|Any CPU
		Release|ARM = Release|ARM
		Release|iPhone = Release|iPhone
		Release|iPhoneSimulator = Release|iPhoneSimulator
		Release|x64 = Release|x64
		Release|x86 = Release|x86
	EndGlobalSection
	GlobalSection(ProjectConfigurationPlatforms) = postSolution
		{CAB66ED2-F7BC-4944-BF63-8B621751191E}.Ad-Hoc|Any CPU.ActiveCfg = Release|Any CPU
		{CAB66ED2-F7BC-4944-BF63-8B621751191E}.Ad-Hoc|Any CPU.Build.0 = Release|Any CPU
		{CAB66ED2-F7BC-4944-BF63-8B621751191E}.Ad-Hoc|ARM.ActiveCfg = Release|Any CPU
		{CAB66ED2-F7BC-4944-BF63-8B621751191E}.Ad-Hoc|ARM.Build.0 = Release|Any CPU
		{CAB66ED2-F7BC-4944-BF63-8B621751191E}.Ad-Hoc|iPhone.ActiveCfg = Release|Any CPU
		{CAB66ED2-F7BC-4944-BF63-8B621751191E}.Ad-Hoc|iPhone.Build.0 = Release|Any CPU
		{CAB66ED2-F7BC-4944-BF63-8B621751191E}.Ad-Hoc|iPhoneSimulator.ActiveCfg = Release|Any CPU
		{CAB66ED2-F7BC-4944-BF63-8B621751191E}.Ad-Hoc|iPhoneSimulator.Build.0 = Release|Any CPU
		{CAB66ED2-F7BC-4944-BF63-8B621751191E}.Ad-Hoc|x64.ActiveCfg = Release|Any CPU
		{CAB66ED2-F7BC-4944-BF63-8B621751191E}.Ad-Hoc|x64.Build.0 = Release|Any CPU
		{CAB66ED2-F7BC-4944-BF63-8B621751191E}.Ad-Hoc|x86.ActiveCfg = Release|Any CPU
		{CAB66ED2-F7BC-4944-BF63-8B621751191E}.Ad-Hoc|x86.Build.0 = Release|Any CPU
		{CAB66ED2-F7BC-4944-BF63-8B621751191E}.AppStore|Any CPU.ActiveCfg = Release|Any CPU
		{CAB66ED2-F7BC-4944-BF63-8B621751191E}.AppStore|Any CPU.Build.0 = Release|Any CPU
		{CAB66ED2-F7BC-4944-BF63-8B621751191E}.AppStore|ARM.ActiveCfg = Release|Any CPU
		{CAB66ED2-F7BC-4944-BF63-8B621751191E}.AppStore|ARM.Build.0 = Release|Any CPU
		{CAB66ED2-F7BC-4944-BF63-8B621751191E}.AppStore|iPhone.ActiveCfg = Release|Any CPU
		{CAB66ED2-F7BC-4944-BF63-8B621751191E}.AppStore|iPhone.Build.0 = Release|Any CPU
		{CAB66ED2-F7BC-4944-BF63-8B621751191E}.AppStore|iPhoneSimulator.ActiveCfg = Release|Any CPU
		{CAB66ED2-F7BC-4944-BF63-8B621751191E}.AppStore|iPhoneSimulator.Build.0 = Release|Any CPU
		{CAB66ED2-F7BC-4944-BF63-8B621751191E}.AppStore|x64.ActiveCfg = Release|Any CPU
		{CAB66ED2-F7BC-4944-BF63-8B621751191E}.AppStore|x64.Build.0 = Release|Any CPU
		{CAB66ED2-F7BC-4944-BF63-8B621751191E}.AppStore|x86.ActiveCfg = Release|Any CPU
		{CAB66ED2-F7BC-4944-BF63-8B621751191E}.AppStore|x86.Build.0 = Release|Any CPU
		{CAB66ED2-F7BC-4944-BF63-8B621751191E}.Debug|Any CPU.ActiveCfg = Debug|Any CPU
		{CAB66ED2-F7BC-4944-BF63-8B621751191E}.Debug|Any CPU.Build.0 = Debug|Any CPU
		{CAB66ED2-F7BC-4944-BF63-8B621751191E}.Debug|ARM.ActiveCfg = Debug|Any CPU
		{CAB66ED2-F7BC-4944-BF63-8B621751191E}.Debug|ARM.Build.0 = Debug|Any CPU
		{CAB66ED2-F7BC-4944-BF63-8B621751191E}.Debug|iPhone.ActiveCfg = Debug|Any CPU
		{CAB66ED2-F7BC-4944-BF63-8B621751191E}.Debug|iPhone.Build.0 = Debug|Any CPU
		{CAB66ED2-F7BC-4944-BF63-8B621751191E}.Debug|iPhoneSimulator.ActiveCfg = Debug|Any CPU
		{CAB66ED2-F7BC-4944-BF63-8B621751191E}.Debug|iPhoneSimulator.Build.0 = Debug|Any CPU
		{CAB66ED2-F7BC-4944-BF63-8B621751191E}.Debug|x64.ActiveCfg = Debug|Any CPU
		{CAB66ED2-F7BC-4944-BF63-8B621751191E}.Debug|x64.Build.0 = Debug|Any CPU
		{CAB66ED2-F7BC-4944-BF63-8B621751191E}.Debug|x86.ActiveCfg = Debug|Any CPU
		{CAB66ED2-F7BC-4944-BF63-8B621751191E}.Debug|x86.Build.0 = Debug|Any CPU
		{CAB66ED2-F7BC-4944-BF63-8B621751191E}.Release|Any CPU.ActiveCfg = Release|Any CPU
		{CAB66ED2-F7BC-4944-BF63-8B621751191E}.Release|Any CPU.Build.0 = Release|Any CPU
		{CAB66ED2-F7BC-4944-BF63-8B621751191E}.Release|ARM.ActiveCfg = Release|Any CPU
		{CAB66ED2-F7BC-4944-BF63-8B621751191E}.Release|ARM.Build.0 = Release|Any CPU
		{CAB66ED2-F7BC-4944-BF63-8B621751191E}.Release|iPhone.ActiveCfg = Release|Any CPU
		{CAB66ED2-F7BC-4944-BF63-8B621751191E}.Release|iPhone.Build.0 = Release|Any CPU
		{CAB66ED2-F7BC-4944-BF63-8B621751191E}.Release|iPhoneSimulator.ActiveCfg = Release|Any CPU
		{CAB66ED2-F7BC-4944-BF63-8B621751191E}.Release|iPhoneSimulator.Build.0 = Release|Any CPU
		{CAB66ED2-F7BC-4944-BF63-8B621751191E}.Release|x64.ActiveCfg = Release|Any CPU
		{CAB66ED2-F7BC-4944-BF63-8B621751191E}.Release|x64.Build.0 = Release|Any CPU
		{CAB66ED2-F7BC-4944-BF63-8B621751191E}.Release|x86.ActiveCfg = Release|Any CPU
		{CAB66ED2-F7BC-4944-BF63-8B621751191E}.Release|x86.Build.0 = Release|Any CPU
		{FA3233CB-3661-484D-B370-5461C7090F07}.Ad-Hoc|Any CPU.ActiveCfg = Release|Any CPU
		{FA3233CB-3661-484D-B370-5461C7090F07}.Ad-Hoc|Any CPU.Build.0 = Release|Any CPU
		{FA3233CB-3661-484D-B370-5461C7090F07}.Ad-Hoc|Any CPU.Deploy.0 = Release|Any CPU
		{FA3233CB-3661-484D-B370-5461C7090F07}.Ad-Hoc|ARM.ActiveCfg = Release|Any CPU
		{FA3233CB-3661-484D-B370-5461C7090F07}.Ad-Hoc|ARM.Build.0 = Release|Any CPU
		{FA3233CB-3661-484D-B370-5461C7090F07}.Ad-Hoc|ARM.Deploy.0 = Release|Any CPU
		{FA3233CB-3661-484D-B370-5461C7090F07}.Ad-Hoc|iPhone.ActiveCfg = Release|Any CPU
		{FA3233CB-3661-484D-B370-5461C7090F07}.Ad-Hoc|iPhone.Build.0 = Release|Any CPU
		{FA3233CB-3661-484D-B370-5461C7090F07}.Ad-Hoc|iPhone.Deploy.0 = Release|Any CPU
		{FA3233CB-3661-484D-B370-5461C7090F07}.Ad-Hoc|iPhoneSimulator.ActiveCfg = Release|Any CPU
		{FA3233CB-3661-484D-B370-5461C7090F07}.Ad-Hoc|iPhoneSimulator.Build.0 = Release|Any CPU
		{FA3233CB-3661-484D-B370-5461C7090F07}.Ad-Hoc|iPhoneSimulator.Deploy.0 = Release|Any CPU
		{FA3233CB-3661-484D-B370-5461C7090F07}.Ad-Hoc|x64.ActiveCfg = Release|Any CPU
		{FA3233CB-3661-484D-B370-5461C7090F07}.Ad-Hoc|x64.Build.0 = Release|Any CPU
		{FA3233CB-3661-484D-B370-5461C7090F07}.Ad-Hoc|x64.Deploy.0 = Release|Any CPU
		{FA3233CB-3661-484D-B370-5461C7090F07}.Ad-Hoc|x86.ActiveCfg = Release|Any CPU
		{FA3233CB-3661-484D-B370-5461C7090F07}.Ad-Hoc|x86.Build.0 = Release|Any CPU
		{FA3233CB-3661-484D-B370-5461C7090F07}.Ad-Hoc|x86.Deploy.0 = Release|Any CPU
		{FA3233CB-3661-484D-B370-5461C7090F07}.AppStore|Any CPU.ActiveCfg = Release|Any CPU
		{FA3233CB-3661-484D-B370-5461C7090F07}.AppStore|Any CPU.Build.0 = Release|Any CPU
		{FA3233CB-3661-484D-B370-5461C7090F07}.AppStore|Any CPU.Deploy.0 = Release|Any CPU
		{FA3233CB-3661-484D-B370-5461C7090F07}.AppStore|ARM.ActiveCfg = Release|Any CPU
		{FA3233CB-3661-484D-B370-5461C7090F07}.AppStore|ARM.Build.0 = Release|Any CPU
		{FA3233CB-3661-484D-B370-5461C7090F07}.AppStore|ARM.Deploy.0 = Release|Any CPU
		{FA3233CB-3661-484D-B370-5461C7090F07}.AppStore|iPhone.ActiveCfg = Release|Any CPU
		{FA3233CB-3661-484D-B370-5461C7090F07}.AppStore|iPhone.Build.0 = Release|Any CPU
		{FA3233CB-3661-484D-B370-5461C7090F07}.AppStore|iPhone.Deploy.0 = Release|Any CPU
		{FA3233CB-3661-484D-B370-5461C7090F07}.AppStore|iPhoneSimulator.ActiveCfg = Release|Any CPU
		{FA3233CB-3661-484D-B370-5461C7090F07}.AppStore|iPhoneSimulator.Build.0 = Release|Any CPU
		{FA3233CB-3661-484D-B370-5461C7090F07}.AppStore|iPhoneSimulator.Deploy.0 = Release|Any CPU
		{FA3233CB-3661-484D-B370-5461C7090F07}.AppStore|x64.ActiveCfg = Release|Any CPU
		{FA3233CB-3661-484D-B370-5461C7090F07}.AppStore|x64.Build.0 = Release|Any CPU
		{FA3233CB-3661-484D-B370-5461C7090F07}.AppStore|x64.Deploy.0 = Release|Any CPU
		{FA3233CB-3661-484D-B370-5461C7090F07}.AppStore|x86.ActiveCfg = Release|Any CPU
		{FA3233CB-3661-484D-B370-5461C7090F07}.AppStore|x86.Build.0 = Release|Any CPU
		{FA3233CB-3661-484D-B370-5461C7090F07}.AppStore|x86.Deploy.0 = Release|Any CPU
		{FA3233CB-3661-484D-B370-5461C7090F07}.Debug|Any CPU.ActiveCfg = Debug|Any CPU
		{FA3233CB-3661-484D-B370-5461C7090F07}.Debug|Any CPU.Build.0 = Debug|Any CPU
		{FA3233CB-3661-484D-B370-5461C7090F07}.Debug|Any CPU.Deploy.0 = Debug|Any CPU
		{FA3233CB-3661-484D-B370-5461C7090F07}.Debug|ARM.ActiveCfg = Debug|Any CPU
		{FA3233CB-3661-484D-B370-5461C7090F07}.Debug|ARM.Build.0 = Debug|Any CPU
		{FA3233CB-3661-484D-B370-5461C7090F07}.Debug|ARM.Deploy.0 = Debug|Any CPU
		{FA3233CB-3661-484D-B370-5461C7090F07}.Debug|iPhone.ActiveCfg = Debug|Any CPU
		{FA3233CB-3661-484D-B370-5461C7090F07}.Debug|iPhone.Build.0 = Debug|Any CPU
		{FA3233CB-3661-484D-B370-5461C7090F07}.Debug|iPhone.Deploy.0 = Debug|Any CPU
		{FA3233CB-3661-484D-B370-5461C7090F07}.Debug|iPhoneSimulator.ActiveCfg = Debug|Any CPU
		{FA3233CB-3661-484D-B370-5461C7090F07}.Debug|iPhoneSimulator.Build.0 = Debug|Any CPU
		{FA3233CB-3661-484D-B370-5461C7090F07}.Debug|iPhoneSimulator.Deploy.0 = Debug|Any CPU
		{FA3233CB-3661-484D-B370-5461C7090F07}.Debug|x64.ActiveCfg = Debug|Any CPU
		{FA3233CB-3661-484D-B370-5461C7090F07}.Debug|x64.Build.0 = Debug|Any CPU
		{FA3233CB-3661-484D-B370-5461C7090F07}.Debug|x64.Deploy.0 = Debug|Any CPU
		{FA3233CB-3661-484D-B370-5461C7090F07}.Debug|x86.ActiveCfg = Debug|Any CPU
		{FA3233CB-3661-484D-B370-5461C7090F07}.Debug|x86.Build.0 = Debug|Any CPU
		{FA3233CB-3661-484D-B370-5461C7090F07}.Debug|x86.Deploy.0 = Debug|Any CPU
		{FA3233CB-3661-484D-B370-5461C7090F07}.Release|Any CPU.ActiveCfg = Release|Any CPU
		{FA3233CB-3661-484D-B370-5461C7090F07}.Release|Any CPU.Build.0 = Release|Any CPU
		{FA3233CB-3661-484D-B370-5461C7090F07}.Release|Any CPU.Deploy.0 = Release|Any CPU
		{FA3233CB-3661-484D-B370-5461C7090F07}.Release|ARM.ActiveCfg = Release|Any CPU
		{FA3233CB-3661-484D-B370-5461C7090F07}.Release|ARM.Build.0 = Release|Any CPU
		{FA3233CB-3661-484D-B370-5461C7090F07}.Release|ARM.Deploy.0 = Release|Any CPU
		{FA3233CB-3661-484D-B370-5461C7090F07}.Release|iPhone.ActiveCfg = Release|Any CPU
		{FA3233CB-3661-484D-B370-5461C7090F07}.Release|iPhone.Build.0 = Release|Any CPU
		{FA3233CB-3661-484D-B370-5461C7090F07}.Release|iPhone.Deploy.0 = Release|Any CPU
		{FA3233CB-3661-484D-B370-5461C7090F07}.Release|iPhoneSimulator.ActiveCfg = Release|Any CPU
		{FA3233CB-3661-484D-B370-5461C7090F07}.Release|iPhoneSimulator.Build.0 = Release|Any CPU
		{FA3233CB-3661-484D-B370-5461C7090F07}.Release|iPhoneSimulator.Deploy.0 = Release|Any CPU
		{FA3233CB-3661-484D-B370-5461C7090F07}.Release|x64.ActiveCfg = Release|Any CPU
		{FA3233CB-3661-484D-B370-5461C7090F07}.Release|x64.Build.0 = Release|Any CPU
		{FA3233CB-3661-484D-B370-5461C7090F07}.Release|x64.Deploy.0 = Release|Any CPU
		{FA3233CB-3661-484D-B370-5461C7090F07}.Release|x86.ActiveCfg = Release|Any CPU
		{FA3233CB-3661-484D-B370-5461C7090F07}.Release|x86.Build.0 = Release|Any CPU
		{FA3233CB-3661-484D-B370-5461C7090F07}.Release|x86.Deploy.0 = Release|Any CPU
		{84DEA4A5-FC4A-4451-8B77-DAAC6D93D1A7}.Ad-Hoc|Any CPU.ActiveCfg = Ad-Hoc|iPhone
		{84DEA4A5-FC4A-4451-8B77-DAAC6D93D1A7}.Ad-Hoc|ARM.ActiveCfg = Ad-Hoc|iPhone
		{84DEA4A5-FC4A-4451-8B77-DAAC6D93D1A7}.Ad-Hoc|iPhone.ActiveCfg = Ad-Hoc|iPhone
		{84DEA4A5-FC4A-4451-8B77-DAAC6D93D1A7}.Ad-Hoc|iPhone.Build.0 = Ad-Hoc|iPhone
		{84DEA4A5-FC4A-4451-8B77-DAAC6D93D1A7}.Ad-Hoc|iPhoneSimulator.ActiveCfg = Ad-Hoc|iPhoneSimulator
		{84DEA4A5-FC4A-4451-8B77-DAAC6D93D1A7}.Ad-Hoc|iPhoneSimulator.Build.0 = Ad-Hoc|iPhoneSimulator
		{84DEA4A5-FC4A-4451-8B77-DAAC6D93D1A7}.Ad-Hoc|x64.ActiveCfg = Ad-Hoc|iPhone
		{84DEA4A5-FC4A-4451-8B77-DAAC6D93D1A7}.Ad-Hoc|x86.ActiveCfg = Ad-Hoc|iPhone
		{84DEA4A5-FC4A-4451-8B77-DAAC6D93D1A7}.AppStore|Any CPU.ActiveCfg = AppStore|iPhone
		{84DEA4A5-FC4A-4451-8B77-DAAC6D93D1A7}.AppStore|ARM.ActiveCfg = AppStore|iPhone
		{84DEA4A5-FC4A-4451-8B77-DAAC6D93D1A7}.AppStore|iPhone.ActiveCfg = AppStore|iPhone
		{84DEA4A5-FC4A-4451-8B77-DAAC6D93D1A7}.AppStore|iPhone.Build.0 = AppStore|iPhone
		{84DEA4A5-FC4A-4451-8B77-DAAC6D93D1A7}.AppStore|iPhoneSimulator.ActiveCfg = AppStore|iPhoneSimulator
		{84DEA4A5-FC4A-4451-8B77-DAAC6D93D1A7}.AppStore|iPhoneSimulator.Build.0 = AppStore|iPhoneSimulator
		{84DEA4A5-FC4A-4451-8B77-DAAC6D93D1A7}.AppStore|x64.ActiveCfg = AppStore|iPhone
		{84DEA4A5-FC4A-4451-8B77-DAAC6D93D1A7}.AppStore|x86.ActiveCfg = AppStore|iPhone
		{84DEA4A5-FC4A-4451-8B77-DAAC6D93D1A7}.Debug|Any CPU.ActiveCfg = Debug|iPhone
		{84DEA4A5-FC4A-4451-8B77-DAAC6D93D1A7}.Debug|ARM.ActiveCfg = Debug|iPhone
		{84DEA4A5-FC4A-4451-8B77-DAAC6D93D1A7}.Debug|iPhone.ActiveCfg = Debug|iPhone
		{84DEA4A5-FC4A-4451-8B77-DAAC6D93D1A7}.Debug|iPhone.Build.0 = Debug|iPhone
		{84DEA4A5-FC4A-4451-8B77-DAAC6D93D1A7}.Debug|iPhoneSimulator.ActiveCfg = Debug|iPhoneSimulator
		{84DEA4A5-FC4A-4451-8B77-DAAC6D93D1A7}.Debug|iPhoneSimulator.Build.0 = Debug|iPhoneSimulator
		{84DEA4A5-FC4A-4451-8B77-DAAC6D93D1A7}.Debug|x64.ActiveCfg = Debug|iPhone
		{84DEA4A5-FC4A-4451-8B77-DAAC6D93D1A7}.Debug|x86.ActiveCfg = Debug|iPhone
		{84DEA4A5-FC4A-4451-8B77-DAAC6D93D1A7}.Release|Any CPU.ActiveCfg = Release|iPhone
		{84DEA4A5-FC4A-4451-8B77-DAAC6D93D1A7}.Release|ARM.ActiveCfg = Release|iPhone
		{84DEA4A5-FC4A-4451-8B77-DAAC6D93D1A7}.Release|iPhone.ActiveCfg = Release|iPhone
		{84DEA4A5-FC4A-4451-8B77-DAAC6D93D1A7}.Release|iPhone.Build.0 = Release|iPhone
		{84DEA4A5-FC4A-4451-8B77-DAAC6D93D1A7}.Release|iPhoneSimulator.ActiveCfg = Release|iPhoneSimulator
		{84DEA4A5-FC4A-4451-8B77-DAAC6D93D1A7}.Release|iPhoneSimulator.Build.0 = Release|iPhoneSimulator
		{84DEA4A5-FC4A-4451-8B77-DAAC6D93D1A7}.Release|x64.ActiveCfg = Release|iPhone
		{84DEA4A5-FC4A-4451-8B77-DAAC6D93D1A7}.Release|x86.ActiveCfg = Release|iPhone
		{ACCDC6FA-D815-43AE-88D1-934FAEFAA451}.Ad-Hoc|Any CPU.ActiveCfg = Release|Any CPU
		{ACCDC6FA-D815-43AE-88D1-934FAEFAA451}.Ad-Hoc|Any CPU.Build.0 = Release|Any CPU
		{ACCDC6FA-D815-43AE-88D1-934FAEFAA451}.Ad-Hoc|Any CPU.Deploy.0 = Release|Any CPU
		{ACCDC6FA-D815-43AE-88D1-934FAEFAA451}.Ad-Hoc|ARM.ActiveCfg = Release|ARM
		{ACCDC6FA-D815-43AE-88D1-934FAEFAA451}.Ad-Hoc|ARM.Build.0 = Release|ARM
		{ACCDC6FA-D815-43AE-88D1-934FAEFAA451}.Ad-Hoc|ARM.Deploy.0 = Release|ARM
		{ACCDC6FA-D815-43AE-88D1-934FAEFAA451}.Ad-Hoc|iPhone.ActiveCfg = Release|Any CPU
		{ACCDC6FA-D815-43AE-88D1-934FAEFAA451}.Ad-Hoc|iPhone.Build.0 = Release|Any CPU
		{ACCDC6FA-D815-43AE-88D1-934FAEFAA451}.Ad-Hoc|iPhone.Deploy.0 = Release|Any CPU
		{ACCDC6FA-D815-43AE-88D1-934FAEFAA451}.Ad-Hoc|iPhoneSimulator.ActiveCfg = Release|Any CPU
		{ACCDC6FA-D815-43AE-88D1-934FAEFAA451}.Ad-Hoc|iPhoneSimulator.Build.0 = Release|Any CPU
		{ACCDC6FA-D815-43AE-88D1-934FAEFAA451}.Ad-Hoc|iPhoneSimulator.Deploy.0 = Release|Any CPU
		{ACCDC6FA-D815-43AE-88D1-934FAEFAA451}.Ad-Hoc|x64.ActiveCfg = Release|Any CPU
		{ACCDC6FA-D815-43AE-88D1-934FAEFAA451}.Ad-Hoc|x64.Build.0 = Release|Any CPU
		{ACCDC6FA-D815-43AE-88D1-934FAEFAA451}.Ad-Hoc|x64.Deploy.0 = Release|Any CPU
		{ACCDC6FA-D815-43AE-88D1-934FAEFAA451}.Ad-Hoc|x86.ActiveCfg = Release|x86
		{ACCDC6FA-D815-43AE-88D1-934FAEFAA451}.Ad-Hoc|x86.Build.0 = Release|x86
		{ACCDC6FA-D815-43AE-88D1-934FAEFAA451}.Ad-Hoc|x86.Deploy.0 = Release|x86
		{ACCDC6FA-D815-43AE-88D1-934FAEFAA451}.AppStore|Any CPU.ActiveCfg = Release|Any CPU
		{ACCDC6FA-D815-43AE-88D1-934FAEFAA451}.AppStore|Any CPU.Build.0 = Release|Any CPU
		{ACCDC6FA-D815-43AE-88D1-934FAEFAA451}.AppStore|Any CPU.Deploy.0 = Release|Any CPU
		{ACCDC6FA-D815-43AE-88D1-934FAEFAA451}.AppStore|ARM.ActiveCfg = Release|ARM
		{ACCDC6FA-D815-43AE-88D1-934FAEFAA451}.AppStore|ARM.Build.0 = Release|ARM
		{ACCDC6FA-D815-43AE-88D1-934FAEFAA451}.AppStore|ARM.Deploy.0 = Release|ARM
		{ACCDC6FA-D815-43AE-88D1-934FAEFAA451}.AppStore|iPhone.ActiveCfg = Release|Any CPU
		{ACCDC6FA-D815-43AE-88D1-934FAEFAA451}.AppStore|iPhone.Build.0 = Release|Any CPU
		{ACCDC6FA-D815-43AE-88D1-934FAEFAA451}.AppStore|iPhone.Deploy.0 = Release|Any CPU
		{ACCDC6FA-D815-43AE-88D1-934FAEFAA451}.AppStore|iPhoneSimulator.ActiveCfg = Release|Any CPU
		{ACCDC6FA-D815-43AE-88D1-934FAEFAA451}.AppStore|iPhoneSimulator.Build.0 = Release|Any CPU
		{ACCDC6FA-D815-43AE-88D1-934FAEFAA451}.AppStore|iPhoneSimulator.Deploy.0 = Release|Any CPU
		{ACCDC6FA-D815-43AE-88D1-934FAEFAA451}.AppStore|x64.ActiveCfg = Release|Any CPU
		{ACCDC6FA-D815-43AE-88D1-934FAEFAA451}.AppStore|x64.Build.0 = Release|Any CPU
		{ACCDC6FA-D815-43AE-88D1-934FAEFAA451}.AppStore|x64.Deploy.0 = Release|Any CPU
		{ACCDC6FA-D815-43AE-88D1-934FAEFAA451}.AppStore|x86.ActiveCfg = Release|x86
		{ACCDC6FA-D815-43AE-88D1-934FAEFAA451}.AppStore|x86.Build.0 = Release|x86
		{ACCDC6FA-D815-43AE-88D1-934FAEFAA451}.AppStore|x86.Deploy.0 = Release|x86
		{ACCDC6FA-D815-43AE-88D1-934FAEFAA451}.Debug|Any CPU.ActiveCfg = Debug|Any CPU
		{ACCDC6FA-D815-43AE-88D1-934FAEFAA451}.Debug|Any CPU.Build.0 = Debug|Any CPU
		{ACCDC6FA-D815-43AE-88D1-934FAEFAA451}.Debug|Any CPU.Deploy.0 = Debug|Any CPU
		{ACCDC6FA-D815-43AE-88D1-934FAEFAA451}.Debug|ARM.ActiveCfg = Debug|ARM
		{ACCDC6FA-D815-43AE-88D1-934FAEFAA451}.Debug|ARM.Build.0 = Debug|ARM
		{ACCDC6FA-D815-43AE-88D1-934FAEFAA451}.Debug|ARM.Deploy.0 = Debug|ARM
		{ACCDC6FA-D815-43AE-88D1-934FAEFAA451}.Debug|iPhone.ActiveCfg = Debug|Any CPU
		{ACCDC6FA-D815-43AE-88D1-934FAEFAA451}.Debug|iPhone.Build.0 = Debug|Any CPU
		{ACCDC6FA-D815-43AE-88D1-934FAEFAA451}.Debug|iPhone.Deploy.0 = Debug|Any CPU
		{ACCDC6FA-D815-43AE-88D1-934FAEFAA451}.Debug|iPhoneSimulator.ActiveCfg = Debug|Any CPU
		{ACCDC6FA-D815-43AE-88D1-934FAEFAA451}.Debug|iPhoneSimulator.Build.0 = Debug|Any CPU
		{ACCDC6FA-D815-43AE-88D1-934FAEFAA451}.Debug|iPhoneSimulator.Deploy.0 = Debug|Any CPU
		{ACCDC6FA-D815-43AE-88D1-934FAEFAA451}.Debug|x64.ActiveCfg = Debug|Any CPU
		{ACCDC6FA-D815-43AE-88D1-934FAEFAA451}.Debug|x64.Build.0 = Debug|Any CPU
		{ACCDC6FA-D815-43AE-88D1-934FAEFAA451}.Debug|x64.Deploy.0 = Debug|Any CPU
		{ACCDC6FA-D815-43AE-88D1-934FAEFAA451}.Debug|x86.ActiveCfg = Debug|x86
		{ACCDC6FA-D815-43AE-88D1-934FAEFAA451}.Debug|x86.Build.0 = Debug|x86
		{ACCDC6FA-D815-43AE-88D1-934FAEFAA451}.Debug|x86.Deploy.0 = Debug|x86
		{ACCDC6FA-D815-43AE-88D1-934FAEFAA451}.Release|Any CPU.ActiveCfg = Release|Any CPU
		{ACCDC6FA-D815-43AE-88D1-934FAEFAA451}.Release|Any CPU.Build.0 = Release|Any CPU
		{ACCDC6FA-D815-43AE-88D1-934FAEFAA451}.Release|Any CPU.Deploy.0 = Release|Any CPU
		{ACCDC6FA-D815-43AE-88D1-934FAEFAA451}.Release|ARM.ActiveCfg = Release|ARM
		{ACCDC6FA-D815-43AE-88D1-934FAEFAA451}.Release|ARM.Build.0 = Release|ARM
		{ACCDC6FA-D815-43AE-88D1-934FAEFAA451}.Release|ARM.Deploy.0 = Release|ARM
		{ACCDC6FA-D815-43AE-88D1-934FAEFAA451}.Release|iPhone.ActiveCfg = Release|Any CPU
		{ACCDC6FA-D815-43AE-88D1-934FAEFAA451}.Release|iPhone.Build.0 = Release|Any CPU
		{ACCDC6FA-D815-43AE-88D1-934FAEFAA451}.Release|iPhone.Deploy.0 = Release|Any CPU
		{ACCDC6FA-D815-43AE-88D1-934FAEFAA451}.Release|iPhoneSimulator.ActiveCfg = Release|Any CPU
		{ACCDC6FA-D815-43AE-88D1-934FAEFAA451}.Release|iPhoneSimulator.Build.0 = Release|Any CPU
		{ACCDC6FA-D815-43AE-88D1-934FAEFAA451}.Release|iPhoneSimulator.Deploy.0 = Release|Any CPU
		{ACCDC6FA-D815-43AE-88D1-934FAEFAA451}.Release|x64.ActiveCfg = Release|Any CPU
		{ACCDC6FA-D815-43AE-88D1-934FAEFAA451}.Release|x64.Build.0 = Release|Any CPU
		{ACCDC6FA-D815-43AE-88D1-934FAEFAA451}.Release|x64.Deploy.0 = Release|Any CPU
		{ACCDC6FA-D815-43AE-88D1-934FAEFAA451}.Release|x86.ActiveCfg = Release|x86
		{ACCDC6FA-D815-43AE-88D1-934FAEFAA451}.Release|x86.Build.0 = Release|x86
		{ACCDC6FA-D815-43AE-88D1-934FAEFAA451}.Release|x86.Deploy.0 = Release|x86
		{2AE5FFEF-50AB-4A24-85FE-0FAA885C4958}.Ad-Hoc|Any CPU.ActiveCfg = Release|x86
		{2AE5FFEF-50AB-4A24-85FE-0FAA885C4958}.Ad-Hoc|Any CPU.Build.0 = Release|x86
		{2AE5FFEF-50AB-4A24-85FE-0FAA885C4958}.Ad-Hoc|Any CPU.Deploy.0 = Release|x86
		{2AE5FFEF-50AB-4A24-85FE-0FAA885C4958}.Ad-Hoc|ARM.ActiveCfg = Release|ARM
		{2AE5FFEF-50AB-4A24-85FE-0FAA885C4958}.Ad-Hoc|ARM.Build.0 = Release|ARM
		{2AE5FFEF-50AB-4A24-85FE-0FAA885C4958}.Ad-Hoc|ARM.Deploy.0 = Release|ARM
		{2AE5FFEF-50AB-4A24-85FE-0FAA885C4958}.Ad-Hoc|iPhone.ActiveCfg = Release|x86
		{2AE5FFEF-50AB-4A24-85FE-0FAA885C4958}.Ad-Hoc|iPhone.Build.0 = Release|x86
		{2AE5FFEF-50AB-4A24-85FE-0FAA885C4958}.Ad-Hoc|iPhone.Deploy.0 = Release|x86
		{2AE5FFEF-50AB-4A24-85FE-0FAA885C4958}.Ad-Hoc|iPhoneSimulator.ActiveCfg = Release|x86
		{2AE5FFEF-50AB-4A24-85FE-0FAA885C4958}.Ad-Hoc|iPhoneSimulator.Build.0 = Release|x86
		{2AE5FFEF-50AB-4A24-85FE-0FAA885C4958}.Ad-Hoc|iPhoneSimulator.Deploy.0 = Release|x86
		{2AE5FFEF-50AB-4A24-85FE-0FAA885C4958}.Ad-Hoc|x64.ActiveCfg = Release|x64
		{2AE5FFEF-50AB-4A24-85FE-0FAA885C4958}.Ad-Hoc|x64.Build.0 = Release|x64
		{2AE5FFEF-50AB-4A24-85FE-0FAA885C4958}.Ad-Hoc|x64.Deploy.0 = Release|x64
		{2AE5FFEF-50AB-4A24-85FE-0FAA885C4958}.Ad-Hoc|x86.ActiveCfg = Release|x86
		{2AE5FFEF-50AB-4A24-85FE-0FAA885C4958}.Ad-Hoc|x86.Build.0 = Release|x86
		{2AE5FFEF-50AB-4A24-85FE-0FAA885C4958}.Ad-Hoc|x86.Deploy.0 = Release|x86
		{2AE5FFEF-50AB-4A24-85FE-0FAA885C4958}.AppStore|Any CPU.ActiveCfg = Release|x86
		{2AE5FFEF-50AB-4A24-85FE-0FAA885C4958}.AppStore|Any CPU.Build.0 = Release|x86
		{2AE5FFEF-50AB-4A24-85FE-0FAA885C4958}.AppStore|Any CPU.Deploy.0 = Release|x86
		{2AE5FFEF-50AB-4A24-85FE-0FAA885C4958}.AppStore|ARM.ActiveCfg = Release|ARM
		{2AE5FFEF-50AB-4A24-85FE-0FAA885C4958}.AppStore|ARM.Build.0 = Release|ARM
		{2AE5FFEF-50AB-4A24-85FE-0FAA885C4958}.AppStore|ARM.Deploy.0 = Release|ARM
		{2AE5FFEF-50AB-4A24-85FE-0FAA885C4958}.AppStore|iPhone.ActiveCfg = Release|x86
		{2AE5FFEF-50AB-4A24-85FE-0FAA885C4958}.AppStore|iPhone.Build.0 = Release|x86
		{2AE5FFEF-50AB-4A24-85FE-0FAA885C4958}.AppStore|iPhone.Deploy.0 = Release|x86
		{2AE5FFEF-50AB-4A24-85FE-0FAA885C4958}.AppStore|iPhoneSimulator.ActiveCfg = Release|x86
		{2AE5FFEF-50AB-4A24-85FE-0FAA885C4958}.AppStore|iPhoneSimulator.Build.0 = Release|x86
		{2AE5FFEF-50AB-4A24-85FE-0FAA885C4958}.AppStore|iPhoneSimulator.Deploy.0 = Release|x86
		{2AE5FFEF-50AB-4A24-85FE-0FAA885C4958}.AppStore|x64.ActiveCfg = Release|x64
		{2AE5FFEF-50AB-4A24-85FE-0FAA885C4958}.AppStore|x64.Build.0 = Release|x64
		{2AE5FFEF-50AB-4A24-85FE-0FAA885C4958}.AppStore|x64.Deploy.0 = Release|x64
		{2AE5FFEF-50AB-4A24-85FE-0FAA885C4958}.AppStore|x86.ActiveCfg = Release|x86
		{2AE5FFEF-50AB-4A24-85FE-0FAA885C4958}.AppStore|x86.Build.0 = Release|x86
		{2AE5FFEF-50AB-4A24-85FE-0FAA885C4958}.AppStore|x86.Deploy.0 = Release|x86
		{2AE5FFEF-50AB-4A24-85FE-0FAA885C4958}.Debug|Any CPU.ActiveCfg = Debug|x86
		{2AE5FFEF-50AB-4A24-85FE-0FAA885C4958}.Debug|ARM.ActiveCfg = Debug|ARM
		{2AE5FFEF-50AB-4A24-85FE-0FAA885C4958}.Debug|ARM.Build.0 = Debug|ARM
		{2AE5FFEF-50AB-4A24-85FE-0FAA885C4958}.Debug|ARM.Deploy.0 = Debug|ARM
		{2AE5FFEF-50AB-4A24-85FE-0FAA885C4958}.Debug|iPhone.ActiveCfg = Debug|x86
		{2AE5FFEF-50AB-4A24-85FE-0FAA885C4958}.Debug|iPhoneSimulator.ActiveCfg = Debug|x86
		{2AE5FFEF-50AB-4A24-85FE-0FAA885C4958}.Debug|x64.ActiveCfg = Debug|x64
		{2AE5FFEF-50AB-4A24-85FE-0FAA885C4958}.Debug|x64.Build.0 = Debug|x64
		{2AE5FFEF-50AB-4A24-85FE-0FAA885C4958}.Debug|x64.Deploy.0 = Debug|x64
		{2AE5FFEF-50AB-4A24-85FE-0FAA885C4958}.Debug|x86.ActiveCfg = Debug|x86
		{2AE5FFEF-50AB-4A24-85FE-0FAA885C4958}.Debug|x86.Build.0 = Debug|x86
		{2AE5FFEF-50AB-4A24-85FE-0FAA885C4958}.Debug|x86.Deploy.0 = Debug|x86
		{2AE5FFEF-50AB-4A24-85FE-0FAA885C4958}.Release|Any CPU.ActiveCfg = Release|x86
		{2AE5FFEF-50AB-4A24-85FE-0FAA885C4958}.Release|ARM.ActiveCfg = Release|ARM
		{2AE5FFEF-50AB-4A24-85FE-0FAA885C4958}.Release|ARM.Build.0 = Release|ARM
		{2AE5FFEF-50AB-4A24-85FE-0FAA885C4958}.Release|ARM.Deploy.0 = Release|ARM
		{2AE5FFEF-50AB-4A24-85FE-0FAA885C4958}.Release|iPhone.ActiveCfg = Release|x86
		{2AE5FFEF-50AB-4A24-85FE-0FAA885C4958}.Release|iPhoneSimulator.ActiveCfg = Release|x86
		{2AE5FFEF-50AB-4A24-85FE-0FAA885C4958}.Release|x64.ActiveCfg = Release|x64
		{2AE5FFEF-50AB-4A24-85FE-0FAA885C4958}.Release|x64.Build.0 = Release|x64
		{2AE5FFEF-50AB-4A24-85FE-0FAA885C4958}.Release|x64.Deploy.0 = Release|x64
		{2AE5FFEF-50AB-4A24-85FE-0FAA885C4958}.Release|x86.ActiveCfg = Release|x86
		{2AE5FFEF-50AB-4A24-85FE-0FAA885C4958}.Release|x86.Build.0 = Release|x86
		{2AE5FFEF-50AB-4A24-85FE-0FAA885C4958}.Release|x86.Deploy.0 = Release|x86
		{B67B3414-0F26-49C1-876D-5E7A269A6991}.Ad-Hoc|Any CPU.ActiveCfg = Release|Any CPU
		{B67B3414-0F26-49C1-876D-5E7A269A6991}.Ad-Hoc|Any CPU.Build.0 = Release|Any CPU
		{B67B3414-0F26-49C1-876D-5E7A269A6991}.Ad-Hoc|Any CPU.Deploy.0 = Release|Any CPU
		{B67B3414-0F26-49C1-876D-5E7A269A6991}.Ad-Hoc|ARM.ActiveCfg = Release|ARM
		{B67B3414-0F26-49C1-876D-5E7A269A6991}.Ad-Hoc|ARM.Build.0 = Release|ARM
		{B67B3414-0F26-49C1-876D-5E7A269A6991}.Ad-Hoc|ARM.Deploy.0 = Release|ARM
		{B67B3414-0F26-49C1-876D-5E7A269A6991}.Ad-Hoc|iPhone.ActiveCfg = Release|Any CPU
		{B67B3414-0F26-49C1-876D-5E7A269A6991}.Ad-Hoc|iPhone.Build.0 = Release|Any CPU
		{B67B3414-0F26-49C1-876D-5E7A269A6991}.Ad-Hoc|iPhone.Deploy.0 = Release|Any CPU
		{B67B3414-0F26-49C1-876D-5E7A269A6991}.Ad-Hoc|iPhoneSimulator.ActiveCfg = Release|Any CPU
		{B67B3414-0F26-49C1-876D-5E7A269A6991}.Ad-Hoc|iPhoneSimulator.Build.0 = Release|Any CPU
		{B67B3414-0F26-49C1-876D-5E7A269A6991}.Ad-Hoc|iPhoneSimulator.Deploy.0 = Release|Any CPU
		{B67B3414-0F26-49C1-876D-5E7A269A6991}.Ad-Hoc|x64.ActiveCfg = Release|x64
		{B67B3414-0F26-49C1-876D-5E7A269A6991}.Ad-Hoc|x64.Build.0 = Release|x64
		{B67B3414-0F26-49C1-876D-5E7A269A6991}.Ad-Hoc|x64.Deploy.0 = Release|x64
		{B67B3414-0F26-49C1-876D-5E7A269A6991}.Ad-Hoc|x86.ActiveCfg = Release|x86
		{B67B3414-0F26-49C1-876D-5E7A269A6991}.Ad-Hoc|x86.Build.0 = Release|x86
		{B67B3414-0F26-49C1-876D-5E7A269A6991}.Ad-Hoc|x86.Deploy.0 = Release|x86
		{B67B3414-0F26-49C1-876D-5E7A269A6991}.AppStore|Any CPU.ActiveCfg = Release|Any CPU
		{B67B3414-0F26-49C1-876D-5E7A269A6991}.AppStore|Any CPU.Build.0 = Release|Any CPU
		{B67B3414-0F26-49C1-876D-5E7A269A6991}.AppStore|Any CPU.Deploy.0 = Release|Any CPU
		{B67B3414-0F26-49C1-876D-5E7A269A6991}.AppStore|ARM.ActiveCfg = Release|ARM
		{B67B3414-0F26-49C1-876D-5E7A269A6991}.AppStore|ARM.Build.0 = Release|ARM
		{B67B3414-0F26-49C1-876D-5E7A269A6991}.AppStore|ARM.Deploy.0 = Release|ARM
		{B67B3414-0F26-49C1-876D-5E7A269A6991}.AppStore|iPhone.ActiveCfg = Release|Any CPU
		{B67B3414-0F26-49C1-876D-5E7A269A6991}.AppStore|iPhone.Build.0 = Release|Any CPU
		{B67B3414-0F26-49C1-876D-5E7A269A6991}.AppStore|iPhone.Deploy.0 = Release|Any CPU
		{B67B3414-0F26-49C1-876D-5E7A269A6991}.AppStore|iPhoneSimulator.ActiveCfg = Release|Any CPU
		{B67B3414-0F26-49C1-876D-5E7A269A6991}.AppStore|iPhoneSimulator.Build.0 = Release|Any CPU
		{B67B3414-0F26-49C1-876D-5E7A269A6991}.AppStore|iPhoneSimulator.Deploy.0 = Release|Any CPU
		{B67B3414-0F26-49C1-876D-5E7A269A6991}.AppStore|x64.ActiveCfg = Release|x64
		{B67B3414-0F26-49C1-876D-5E7A269A6991}.AppStore|x64.Build.0 = Release|x64
		{B67B3414-0F26-49C1-876D-5E7A269A6991}.AppStore|x64.Deploy.0 = Release|x64
		{B67B3414-0F26-49C1-876D-5E7A269A6991}.AppStore|x86.ActiveCfg = Release|x86
		{B67B3414-0F26-49C1-876D-5E7A269A6991}.AppStore|x86.Build.0 = Release|x86
		{B67B3414-0F26-49C1-876D-5E7A269A6991}.AppStore|x86.Deploy.0 = Release|x86
		{B67B3414-0F26-49C1-876D-5E7A269A6991}.Debug|Any CPU.ActiveCfg = Debug|Any CPU
		{B67B3414-0F26-49C1-876D-5E7A269A6991}.Debug|Any CPU.Build.0 = Debug|Any CPU
		{B67B3414-0F26-49C1-876D-5E7A269A6991}.Debug|Any CPU.Deploy.0 = Debug|Any CPU
		{B67B3414-0F26-49C1-876D-5E7A269A6991}.Debug|ARM.ActiveCfg = Debug|ARM
		{B67B3414-0F26-49C1-876D-5E7A269A6991}.Debug|ARM.Build.0 = Debug|ARM
		{B67B3414-0F26-49C1-876D-5E7A269A6991}.Debug|ARM.Deploy.0 = Debug|ARM
		{B67B3414-0F26-49C1-876D-5E7A269A6991}.Debug|iPhone.ActiveCfg = Debug|Any CPU
		{B67B3414-0F26-49C1-876D-5E7A269A6991}.Debug|iPhone.Build.0 = Debug|Any CPU
		{B67B3414-0F26-49C1-876D-5E7A269A6991}.Debug|iPhone.Deploy.0 = Debug|Any CPU
		{B67B3414-0F26-49C1-876D-5E7A269A6991}.Debug|iPhoneSimulator.ActiveCfg = Debug|Any CPU
		{B67B3414-0F26-49C1-876D-5E7A269A6991}.Debug|iPhoneSimulator.Build.0 = Debug|Any CPU
		{B67B3414-0F26-49C1-876D-5E7A269A6991}.Debug|iPhoneSimulator.Deploy.0 = Debug|Any CPU
		{B67B3414-0F26-49C1-876D-5E7A269A6991}.Debug|x64.ActiveCfg = Debug|x64
		{B67B3414-0F26-49C1-876D-5E7A269A6991}.Debug|x64.Build.0 = Debug|x64
		{B67B3414-0F26-49C1-876D-5E7A269A6991}.Debug|x64.Deploy.0 = Debug|x64
		{B67B3414-0F26-49C1-876D-5E7A269A6991}.Debug|x86.ActiveCfg = Debug|x86
		{B67B3414-0F26-49C1-876D-5E7A269A6991}.Debug|x86.Build.0 = Debug|x86
		{B67B3414-0F26-49C1-876D-5E7A269A6991}.Debug|x86.Deploy.0 = Debug|x86
		{B67B3414-0F26-49C1-876D-5E7A269A6991}.Release|Any CPU.ActiveCfg = Release|Any CPU
		{B67B3414-0F26-49C1-876D-5E7A269A6991}.Release|Any CPU.Build.0 = Release|Any CPU
		{B67B3414-0F26-49C1-876D-5E7A269A6991}.Release|Any CPU.Deploy.0 = Release|Any CPU
		{B67B3414-0F26-49C1-876D-5E7A269A6991}.Release|ARM.ActiveCfg = Release|ARM
		{B67B3414-0F26-49C1-876D-5E7A269A6991}.Release|ARM.Build.0 = Release|ARM
		{B67B3414-0F26-49C1-876D-5E7A269A6991}.Release|ARM.Deploy.0 = Release|ARM
		{B67B3414-0F26-49C1-876D-5E7A269A6991}.Release|iPhone.ActiveCfg = Release|Any CPU
		{B67B3414-0F26-49C1-876D-5E7A269A6991}.Release|iPhone.Build.0 = Release|Any CPU
		{B67B3414-0F26-49C1-876D-5E7A269A6991}.Release|iPhone.Deploy.0 = Release|Any CPU
		{B67B3414-0F26-49C1-876D-5E7A269A6991}.Release|iPhoneSimulator.ActiveCfg = Release|Any CPU
		{B67B3414-0F26-49C1-876D-5E7A269A6991}.Release|iPhoneSimulator.Build.0 = Release|Any CPU
		{B67B3414-0F26-49C1-876D-5E7A269A6991}.Release|iPhoneSimulator.Deploy.0 = Release|Any CPU
		{B67B3414-0F26-49C1-876D-5E7A269A6991}.Release|x64.ActiveCfg = Release|x64
		{B67B3414-0F26-49C1-876D-5E7A269A6991}.Release|x64.Build.0 = Release|x64
		{B67B3414-0F26-49C1-876D-5E7A269A6991}.Release|x64.Deploy.0 = Release|x64
		{B67B3414-0F26-49C1-876D-5E7A269A6991}.Release|x86.ActiveCfg = Release|x86
		{B67B3414-0F26-49C1-876D-5E7A269A6991}.Release|x86.Build.0 = Release|x86
		{B67B3414-0F26-49C1-876D-5E7A269A6991}.Release|x86.Deploy.0 = Release|x86
	EndGlobalSection
	GlobalSection(SolutionProperties) = preSolution
		HideSolutionNode = FALSE
	EndGlobalSection
EndGlobal
