
Microsoft Visual Studio Solution File, Format Version 12.00
# Visual Studio 14
VisualStudioVersion = 14.0.25420.1
MinimumVisualStudioVersion = 10.0.40219.1
Project("{FAE04EC0-301F-11D3-BF4B-00C04F79EFBC}") = "worksheet", "worksheet\worksheet.csproj", "{24B871B6-3E48-44AF-BFB4-A3F735A6A5B1}"
EndProject
Project("{FAE04EC0-301F-11D3-BF4B-00C04F79EFBC}") = "www", "www\www.csproj", "{6E0277F4-2F56-437A-B1A5-3FB50D0FC248}"
EndProject
Global
	GlobalSection(SolutionConfigurationPlatforms) = preSolution
		Debug|Any CPU = Debug|Any CPU
		Release|Any CPU = Release|Any CPU
	EndGlobalSection
	GlobalSection(ProjectConfigurationPlatforms) = postSolution
		{24B871B6-3E48-44AF-BFB4-A3F735A6A5B1}.Debug|Any CPU.ActiveCfg = Debug|Any CPU
		{24B871B6-3E48-44AF-BFB4-A3F735A6A5B1}.Debug|Any CPU.Build.0 = Debug|Any CPU
		{24B871B6-3E48-44AF-BFB4-A3F735A6A5B1}.Release|Any CPU.ActiveCfg = Release|Any CPU
		{24B871B6-3E48-44AF-BFB4-A3F735A6A5B1}.Release|Any CPU.Build.0 = Release|Any CPU
		{6E0277F4-2F56-437A-B1A5-3FB50D0FC248}.Debug|Any CPU.ActiveCfg = Debug|Any CPU
		{6E0277F4-2F56-437A-B1A5-3FB50D0FC248}.Debug|Any CPU.Build.0 = Debug|Any CPU
		{6E0277F4-2F56-437A-B1A5-3FB50D0FC248}.Release|Any CPU.ActiveCfg = Release|Any CPU
		{6E0277F4-2F56-437A-B1A5-3FB50D0FC248}.Release|Any CPU.Build.0 = Release|Any CPU
	EndGlobalSection
	GlobalSection(SolutionProperties) = preSolution
		HideSolutionNode = FALSE
	EndGlobalSection
EndGlobal
